// !$*UTF8*$!
{
	archiveVersion = 1;
	classes = {
	};
	objectVersion = 55;
	objects = {

/* Begin PBXBuildFile section */
		BB58717827BE8F59007B57D9 /* ScoreView.swift in Sources */ = {isa = PBXBuildFile; fileRef = BB58717727BE8F59007B57D9 /* ScoreView.swift */; };
		BB58717B27BF9C97007B57D9 /* Model.xcdatamodeld in Sources */ = {isa = PBXBuildFile; fileRef = BB58717927BF9C97007B57D9 /* Model.xcdatamodeld */; };
		BB58717D27BFA218007B57D9 /* DatabaseService.swift in Sources */ = {isa = PBXBuildFile; fileRef = BB58717C27BFA218007B57D9 /* DatabaseService.swift */; };
		BB58718327BFD114007B57D9 /* EndOfGameView.swift in Sources */ = {isa = PBXBuildFile; fileRef = BB58718227BFD114007B57D9 /* EndOfGameView.swift */; };
		BB58718527BFD158007B57D9 /* LogoView.swift in Sources */ = {isa = PBXBuildFile; fileRef = BB58718427BFD158007B57D9 /* LogoView.swift */; };
		BB58718727BFD18E007B57D9 /* EndOfGameController.swift in Sources */ = {isa = PBXBuildFile; fileRef = BB58718627BFD18E007B57D9 /* EndOfGameController.swift */; };
		BB6A114E27CCD0DA006A7174 /* NewGameButton.swift in Sources */ = {isa = PBXBuildFile; fileRef = BB6A114D27CCD0DA006A7174 /* NewGameButton.swift */; };
		BB6B2A64290BD791001591E8 /* Model.swift in Sources */ = {isa = PBXBuildFile; fileRef = BB6B2A63290BD791001591E8 /* Model.swift */; };
		BBAE571727B69CCF0071BF62 /* AppDelegate.swift in Sources */ = {isa = PBXBuildFile; fileRef = BBAE571627B69CCF0071BF62 /* AppDelegate.swift */; };
		BBAE571927B69CCF0071BF62 /* SceneDelegate.swift in Sources */ = {isa = PBXBuildFile; fileRef = BBAE571827B69CCF0071BF62 /* SceneDelegate.swift */; };
		BBAE571E27B69CCF0071BF62 /* Main.storyboard in Resources */ = {isa = PBXBuildFile; fileRef = BBAE571C27B69CCF0071BF62 /* Main.storyboard */; };
		BBAE572327B69CD40071BF62 /* Assets.xcassets in Resources */ = {isa = PBXBuildFile; fileRef = BBAE572227B69CD40071BF62 /* Assets.xcassets */; };
		BBAE572627B69CD40071BF62 /* LaunchScreen.storyboard in Resources */ = {isa = PBXBuildFile; fileRef = BBAE572427B69CD40071BF62 /* LaunchScreen.storyboard */; };
		BBAE573127B69CD40071BF62 /* _048Tests.swift in Sources */ = {isa = PBXBuildFile; fileRef = BBAE573027B69CD40071BF62 /* _048Tests.swift */; };
		BBAE573B27B69CD40071BF62 /* _048UITests.swift in Sources */ = {isa = PBXBuildFile; fileRef = BBAE573A27B69CD40071BF62 /* _048UITests.swift */; };
		BBAE573D27B69CD40071BF62 /* _048UITestsLaunchTests.swift in Sources */ = {isa = PBXBuildFile; fileRef = BBAE573C27B69CD40071BF62 /* _048UITestsLaunchTests.swift */; };
		BBAE574E27B69D770071BF62 /* PlayingFieldController.swift in Sources */ = {isa = PBXBuildFile; fileRef = BBAE574D27B69D760071BF62 /* PlayingFieldController.swift */; };
		BBAE575227BA7D470071BF62 /* PlayingFieldCell.swift in Sources */ = {isa = PBXBuildFile; fileRef = BBAE575127BA7D470071BF62 /* PlayingFieldCell.swift */; };
		BBAE575527BA882A0071BF62 /* Extensions.swift in Sources */ = {isa = PBXBuildFile; fileRef = BBAE575427BA882A0071BF62 /* Extensions.swift */; };
		BBAE575927BBA0B40071BF62 /* Element.swift in Sources */ = {isa = PBXBuildFile; fileRef = BBAE575827BBA0B40071BF62 /* Element.swift */; };
/* End PBXBuildFile section */

/* Begin PBXContainerItemProxy section */
		BBAE572D27B69CD40071BF62 /* PBXContainerItemProxy */ = {
			isa = PBXContainerItemProxy;
			containerPortal = BBAE570B27B69CCF0071BF62 /* Project object */;
			proxyType = 1;
			remoteGlobalIDString = BBAE571227B69CCF0071BF62;
			remoteInfo = 2048;
		};
		BBAE573727B69CD40071BF62 /* PBXContainerItemProxy */ = {
			isa = PBXContainerItemProxy;
			containerPortal = BBAE570B27B69CCF0071BF62 /* Project object */;
			proxyType = 1;
			remoteGlobalIDString = BBAE571227B69CCF0071BF62;
			remoteInfo = 2048;
		};
/* End PBXContainerItemProxy section */

/* Begin PBXFileReference section */
		BB58717727BE8F59007B57D9 /* ScoreView.swift */ = {isa = PBXFileReference; lastKnownFileType = sourcecode.swift; path = ScoreView.swift; sourceTree = "<group>"; };
		BB58717A27BF9C97007B57D9 /* Model.xcdatamodel */ = {isa = PBXFileReference; lastKnownFileType = wrapper.xcdatamodel; path = Model.xcdatamodel; sourceTree = "<group>"; };
		BB58717C27BFA218007B57D9 /* DatabaseService.swift */ = {isa = PBXFileReference; lastKnownFileType = sourcecode.swift; path = DatabaseService.swift; sourceTree = "<group>"; };
		BB58718227BFD114007B57D9 /* EndOfGameView.swift */ = {isa = PBXFileReference; lastKnownFileType = sourcecode.swift; path = EndOfGameView.swift; sourceTree = "<group>"; };
		BB58718427BFD158007B57D9 /* LogoView.swift */ = {isa = PBXFileReference; lastKnownFileType = sourcecode.swift; path = LogoView.swift; sourceTree = "<group>"; };
		BB58718627BFD18E007B57D9 /* EndOfGameController.swift */ = {isa = PBXFileReference; lastKnownFileType = sourcecode.swift; path = EndOfGameController.swift; sourceTree = "<group>"; };
		BB6A114D27CCD0DA006A7174 /* NewGameButton.swift */ = {isa = PBXFileReference; lastKnownFileType = sourcecode.swift; path = NewGameButton.swift; sourceTree = "<group>"; };
		BB6B2A63290BD791001591E8 /* Model.swift */ = {isa = PBXFileReference; lastKnownFileType = sourcecode.swift; path = Model.swift; sourceTree = "<group>"; };
		BBAE571327B69CCF0071BF62 /* 2048.app */ = {isa = PBXFileReference; explicitFileType = wrapper.application; includeInIndex = 0; path = 2048.app; sourceTree = BUILT_PRODUCTS_DIR; };
		BBAE571627B69CCF0071BF62 /* AppDelegate.swift */ = {isa = PBXFileReference; lastKnownFileType = sourcecode.swift; path = AppDelegate.swift; sourceTree = "<group>"; };
		BBAE571827B69CCF0071BF62 /* SceneDelegate.swift */ = {isa = PBXFileReference; lastKnownFileType = sourcecode.swift; path = SceneDelegate.swift; sourceTree = "<group>"; };
		BBAE571D27B69CCF0071BF62 /* Base */ = {isa = PBXFileReference; lastKnownFileType = file.storyboard; name = Base; path = Base.lproj/Main.storyboard; sourceTree = "<group>"; };
		BBAE572227B69CD40071BF62 /* Assets.xcassets */ = {isa = PBXFileReference; lastKnownFileType = folder.assetcatalog; path = Assets.xcassets; sourceTree = "<group>"; };
		BBAE572527B69CD40071BF62 /* Base */ = {isa = PBXFileReference; lastKnownFileType = file.storyboard; name = Base; path = Base.lproj/LaunchScreen.storyboard; sourceTree = "<group>"; };
		BBAE572727B69CD40071BF62 /* Info.plist */ = {isa = PBXFileReference; lastKnownFileType = text.plist.xml; path = Info.plist; sourceTree = "<group>"; };
		BBAE572C27B69CD40071BF62 /* 2048Tests.xctest */ = {isa = PBXFileReference; explicitFileType = wrapper.cfbundle; includeInIndex = 0; path = 2048Tests.xctest; sourceTree = BUILT_PRODUCTS_DIR; };
		BBAE573027B69CD40071BF62 /* _048Tests.swift */ = {isa = PBXFileReference; lastKnownFileType = sourcecode.swift; path = _048Tests.swift; sourceTree = "<group>"; };
		BBAE573627B69CD40071BF62 /* 2048UITests.xctest */ = {isa = PBXFileReference; explicitFileType = wrapper.cfbundle; includeInIndex = 0; path = 2048UITests.xctest; sourceTree = BUILT_PRODUCTS_DIR; };
		BBAE573A27B69CD40071BF62 /* _048UITests.swift */ = {isa = PBXFileReference; lastKnownFileType = sourcecode.swift; path = _048UITests.swift; sourceTree = "<group>"; };
		BBAE573C27B69CD40071BF62 /* _048UITestsLaunchTests.swift */ = {isa = PBXFileReference; lastKnownFileType = sourcecode.swift; path = _048UITestsLaunchTests.swift; sourceTree = "<group>"; };
		BBAE574D27B69D760071BF62 /* PlayingFieldController.swift */ = {isa = PBXFileReference; lastKnownFileType = sourcecode.swift; path = PlayingFieldController.swift; sourceTree = "<group>"; };
		BBAE575127BA7D470071BF62 /* PlayingFieldCell.swift */ = {isa = PBXFileReference; lastKnownFileType = sourcecode.swift; path = PlayingFieldCell.swift; sourceTree = "<group>"; };
		BBAE575427BA882A0071BF62 /* Extensions.swift */ = {isa = PBXFileReference; lastKnownFileType = sourcecode.swift; path = Extensions.swift; sourceTree = "<group>"; };
		BBAE575827BBA0B40071BF62 /* Element.swift */ = {isa = PBXFileReference; lastKnownFileType = sourcecode.swift; path = Element.swift; sourceTree = "<group>"; };
/* End PBXFileReference section */

/* Begin PBXFrameworksBuildPhase section */
		BBAE571027B69CCF0071BF62 /* Frameworks */ = {
			isa = PBXFrameworksBuildPhase;
			buildActionMask = 2147483647;
			files = (
			);
			runOnlyForDeploymentPostprocessing = 0;
		};
		BBAE572927B69CD40071BF62 /* Frameworks */ = {
			isa = PBXFrameworksBuildPhase;
			buildActionMask = 2147483647;
			files = (
			);
			runOnlyForDeploymentPostprocessing = 0;
		};
		BBAE573327B69CD40071BF62 /* Frameworks */ = {
			isa = PBXFrameworksBuildPhase;
			buildActionMask = 2147483647;
			files = (
			);
			runOnlyForDeploymentPostprocessing = 0;
		};
/* End PBXFrameworksBuildPhase section */

/* Begin PBXGroup section */
		BB6B2A65290BFBEE001591E8 /* App */ = {
			isa = PBXGroup;
			children = (
				BBAE571627B69CCF0071BF62 /* AppDelegate.swift */,
				BBAE571827B69CCF0071BF62 /* SceneDelegate.swift */,
			);
			path = App;
			sourceTree = "<group>";
		};
		BBAE570A27B69CCF0071BF62 = {
			isa = PBXGroup;
			children = (
				BBAE571527B69CCF0071BF62 /* 2048 */,
				BBAE572F27B69CD40071BF62 /* 2048Tests */,
				BBAE573927B69CD40071BF62 /* 2048UITests */,
				BBAE571427B69CCF0071BF62 /* Products */,
			);
			sourceTree = "<group>";
		};
		BBAE571427B69CCF0071BF62 /* Products */ = {
			isa = PBXGroup;
			children = (
				BBAE571327B69CCF0071BF62 /* 2048.app */,
				BBAE572C27B69CD40071BF62 /* 2048Tests.xctest */,
				BBAE573627B69CD40071BF62 /* 2048UITests.xctest */,
			);
			name = Products;
			sourceTree = "<group>";
		};
		BBAE571527B69CCF0071BF62 /* 2048 */ = {
			isa = PBXGroup;
			children = (
				BB6B2A65290BFBEE001591E8 /* App */,
				BBAE574C27B69D0C0071BF62 /* Model */,
				BBAE574B27B69D050071BF62 /* View */,
				BBAE574927B69CEE0071BF62 /* Controller */,
				BBAE575327BA88150071BF62 /* Utils */,
				BBAE571C27B69CCF0071BF62 /* Main.storyboard */,
				BBAE572227B69CD40071BF62 /* Assets.xcassets */,
				BBAE572427B69CD40071BF62 /* LaunchScreen.storyboard */,
				BBAE572727B69CD40071BF62 /* Info.plist */,
				BB58717927BF9C97007B57D9 /* Model.xcdatamodeld */,
			);
			path = 2048;
			sourceTree = "<group>";
		};
		BBAE572F27B69CD40071BF62 /* 2048Tests */ = {
			isa = PBXGroup;
			children = (
				BBAE573027B69CD40071BF62 /* _048Tests.swift */,
			);
			path = 2048Tests;
			sourceTree = "<group>";
		};
		BBAE573927B69CD40071BF62 /* 2048UITests */ = {
			isa = PBXGroup;
			children = (
				BBAE573A27B69CD40071BF62 /* _048UITests.swift */,
				BBAE573C27B69CD40071BF62 /* _048UITestsLaunchTests.swift */,
			);
			path = 2048UITests;
			sourceTree = "<group>";
		};
		BBAE574927B69CEE0071BF62 /* Controller */ = {
			isa = PBXGroup;
			children = (
				BBAE574D27B69D760071BF62 /* PlayingFieldController.swift */,
				BB58718627BFD18E007B57D9 /* EndOfGameController.swift */,
			);
			path = Controller;
			sourceTree = "<group>";
		};
		BBAE574B27B69D050071BF62 /* View */ = {
			isa = PBXGroup;
			children = (
				BBAE575127BA7D470071BF62 /* PlayingFieldCell.swift */,
				BB58717727BE8F59007B57D9 /* ScoreView.swift */,
				BB58718427BFD158007B57D9 /* LogoView.swift */,
				BB58718227BFD114007B57D9 /* EndOfGameView.swift */,
				BB6A114D27CCD0DA006A7174 /* NewGameButton.swift */,
			);
			path = View;
			sourceTree = "<group>";
		};
		BBAE574C27B69D0C0071BF62 /* Model */ = {
			isa = PBXGroup;
			children = (
				BBAE575827BBA0B40071BF62 /* Element.swift */,
				BB6B2A63290BD791001591E8 /* Model.swift */,
			);
			path = Model;
			sourceTree = "<group>";
		};
		BBAE575327BA88150071BF62 /* Utils */ = {
			isa = PBXGroup;
			children = (
				BBAE575427BA882A0071BF62 /* Extensions.swift */,
				BB58717C27BFA218007B57D9 /* DatabaseService.swift */,
			);
			path = Utils;
			sourceTree = "<group>";
		};
/* End PBXGroup section */

/* Begin PBXNativeTarget section */
		BBAE571227B69CCF0071BF62 /* 2048 */ = {
			isa = PBXNativeTarget;
			buildConfigurationList = BBAE574027B69CD40071BF62 /* Build configuration list for PBXNativeTarget "2048" */;
			buildPhases = (
				BBAE570F27B69CCF0071BF62 /* Sources */,
				BBAE571027B69CCF0071BF62 /* Frameworks */,
				BBAE571127B69CCF0071BF62 /* Resources */,
			);
			buildRules = (
			);
			dependencies = (
			);
			name = 2048;
			productName = 2048;
			productReference = BBAE571327B69CCF0071BF62 /* 2048.app */;
			productType = "com.apple.product-type.application";
		};
		BBAE572B27B69CD40071BF62 /* 2048Tests */ = {
			isa = PBXNativeTarget;
			buildConfigurationList = BBAE574327B69CD40071BF62 /* Build configuration list for PBXNativeTarget "2048Tests" */;
			buildPhases = (
				BBAE572827B69CD40071BF62 /* Sources */,
				BBAE572927B69CD40071BF62 /* Frameworks */,
				BBAE572A27B69CD40071BF62 /* Resources */,
			);
			buildRules = (
			);
			dependencies = (
				BBAE572E27B69CD40071BF62 /* PBXTargetDependency */,
			);
			name = 2048Tests;
			productName = 2048Tests;
			productReference = BBAE572C27B69CD40071BF62 /* 2048Tests.xctest */;
			productType = "com.apple.product-type.bundle.unit-test";
		};
		BBAE573527B69CD40071BF62 /* 2048UITests */ = {
			isa = PBXNativeTarget;
			buildConfigurationList = BBAE574627B69CD40071BF62 /* Build configuration list for PBXNativeTarget "2048UITests" */;
			buildPhases = (
				BBAE573227B69CD40071BF62 /* Sources */,
				BBAE573327B69CD40071BF62 /* Frameworks */,
				BBAE573427B69CD40071BF62 /* Resources */,
			);
			buildRules = (
			);
			dependencies = (
				BBAE573827B69CD40071BF62 /* PBXTargetDependency */,
			);
			name = 2048UITests;
			productName = 2048UITests;
			productReference = BBAE573627B69CD40071BF62 /* 2048UITests.xctest */;
			productType = "com.apple.product-type.bundle.ui-testing";
		};
/* End PBXNativeTarget section */

/* Begin PBXProject section */
		BBAE570B27B69CCF0071BF62 /* Project object */ = {
			isa = PBXProject;
			attributes = {
				BuildIndependentTargetsInParallel = 1;
				LastSwiftUpdateCheck = 1320;
				LastUpgradeCheck = 1320;
				TargetAttributes = {
					BBAE571227B69CCF0071BF62 = {
						CreatedOnToolsVersion = 13.2.1;
					};
					BBAE572B27B69CD40071BF62 = {
						CreatedOnToolsVersion = 13.2.1;
						TestTargetID = BBAE571227B69CCF0071BF62;
					};
					BBAE573527B69CD40071BF62 = {
						CreatedOnToolsVersion = 13.2.1;
						TestTargetID = BBAE571227B69CCF0071BF62;
					};
				};
			};
			buildConfigurationList = BBAE570E27B69CCF0071BF62 /* Build configuration list for PBXProject "2048" */;
			compatibilityVersion = "Xcode 13.0";
			developmentRegion = en;
			hasScannedForEncodings = 0;
			knownRegions = (
				en,
				Base,
			);
			mainGroup = BBAE570A27B69CCF0071BF62;
			productRefGroup = BBAE571427B69CCF0071BF62 /* Products */;
			projectDirPath = "";
			projectRoot = "";
			targets = (
				BBAE571227B69CCF0071BF62 /* 2048 */,
				BBAE572B27B69CD40071BF62 /* 2048Tests */,
				BBAE573527B69CD40071BF62 /* 2048UITests */,
			);
		};
/* End PBXProject section */

/* Begin PBXResourcesBuildPhase section */
		BBAE571127B69CCF0071BF62 /* Resources */ = {
			isa = PBXResourcesBuildPhase;
			buildActionMask = 2147483647;
			files = (
				BBAE572627B69CD40071BF62 /* LaunchScreen.storyboard in Resources */,
				BBAE572327B69CD40071BF62 /* Assets.xcassets in Resources */,
				BBAE571E27B69CCF0071BF62 /* Main.storyboard in Resources */,
			);
			runOnlyForDeploymentPostprocessing = 0;
		};
		BBAE572A27B69CD40071BF62 /* Resources */ = {
			isa = PBXResourcesBuildPhase;
			buildActionMask = 2147483647;
			files = (
			);
			runOnlyForDeploymentPostprocessing = 0;
		};
		BBAE573427B69CD40071BF62 /* Resources */ = {
			isa = PBXResourcesBuildPhase;
			buildActionMask = 2147483647;
			files = (
			);
			runOnlyForDeploymentPostprocessing = 0;
		};
/* End PBXResourcesBuildPhase section */

/* Begin PBXSourcesBuildPhase section */
		BBAE570F27B69CCF0071BF62 /* Sources */ = {
			isa = PBXSourcesBuildPhase;
			buildActionMask = 2147483647;
			files = (
				BB58718727BFD18E007B57D9 /* EndOfGameController.swift in Sources */,
				BB58717827BE8F59007B57D9 /* ScoreView.swift in Sources */,
				BBAE575927BBA0B40071BF62 /* Element.swift in Sources */,
				BBAE571727B69CCF0071BF62 /* AppDelegate.swift in Sources */,
				BB58718327BFD114007B57D9 /* EndOfGameView.swift in Sources */,
				BBAE571927B69CCF0071BF62 /* SceneDelegate.swift in Sources */,
				BB58717B27BF9C97007B57D9 /* Model.xcdatamodeld in Sources */,
				BB6B2A64290BD791001591E8 /* Model.swift in Sources */,
				BB58717D27BFA218007B57D9 /* DatabaseService.swift in Sources */,
				BBAE574E27B69D770071BF62 /* PlayingFieldController.swift in Sources */,
				BB6A114E27CCD0DA006A7174 /* NewGameButton.swift in Sources */,
				BB58718527BFD158007B57D9 /* LogoView.swift in Sources */,
				BBAE575227BA7D470071BF62 /* PlayingFieldCell.swift in Sources */,
				BBAE575527BA882A0071BF62 /* Extensions.swift in Sources */,
			);
			runOnlyForDeploymentPostprocessing = 0;
		};
		BBAE572827B69CD40071BF62 /* Sources */ = {
			isa = PBXSourcesBuildPhase;
			buildActionMask = 2147483647;
			files = (
				BBAE573127B69CD40071BF62 /* _048Tests.swift in Sources */,
			);
			runOnlyForDeploymentPostprocessing = 0;
		};
		BBAE573227B69CD40071BF62 /* Sources */ = {
			isa = PBXSourcesBuildPhase;
			buildActionMask = 2147483647;
			files = (
				BBAE573B27B69CD40071BF62 /* _048UITests.swift in Sources */,
				BBAE573D27B69CD40071BF62 /* _048UITestsLaunchTests.swift in Sources */,
			);
			runOnlyForDeploymentPostprocessing = 0;
		};
/* End PBXSourcesBuildPhase section */

/* Begin PBXTargetDependency section */
		BBAE572E27B69CD40071BF62 /* PBXTargetDependency */ = {
			isa = PBXTargetDependency;
			target = BBAE571227B69CCF0071BF62 /* 2048 */;
			targetProxy = BBAE572D27B69CD40071BF62 /* PBXContainerItemProxy */;
		};
		BBAE573827B69CD40071BF62 /* PBXTargetDependency */ = {
			isa = PBXTargetDependency;
			target = BBAE571227B69CCF0071BF62 /* 2048 */;
			targetProxy = BBAE573727B69CD40071BF62 /* PBXContainerItemProxy */;
		};
/* End PBXTargetDependency section */

/* Begin PBXVariantGroup section */
		BBAE571C27B69CCF0071BF62 /* Main.storyboard */ = {
			isa = PBXVariantGroup;
			children = (
				BBAE571D27B69CCF0071BF62 /* Base */,
			);
			name = Main.storyboard;
			sourceTree = "<group>";
		};
		BBAE572427B69CD40071BF62 /* LaunchScreen.storyboard */ = {
			isa = PBXVariantGroup;
			children = (
				BBAE572527B69CD40071BF62 /* Base */,
			);
			name = LaunchScreen.storyboard;
			sourceTree = "<group>";
		};
/* End PBXVariantGroup section */

/* Begin XCBuildConfiguration section */
		BBAE573E27B69CD40071BF62 /* Debug */ = {
			isa = XCBuildConfiguration;
			buildSettings = {
				ALWAYS_SEARCH_USER_PATHS = NO;
				CLANG_ANALYZER_NONNULL = YES;
				CLANG_ANALYZER_NUMBER_OBJECT_CONVERSION = YES_AGGRESSIVE;
				CLANG_CXX_LANGUAGE_STANDARD = "gnu++17";
				CLANG_CXX_LIBRARY = "libc++";
				CLANG_ENABLE_MODULES = YES;
				CLANG_ENABLE_OBJC_ARC = YES;
				CLANG_ENABLE_OBJC_WEAK = YES;
				CLANG_WARN_BLOCK_CAPTURE_AUTORELEASING = YES;
				CLANG_WARN_BOOL_CONVERSION = YES;
				CLANG_WARN_COMMA = YES;
				CLANG_WARN_CONSTANT_CONVERSION = YES;
				CLANG_WARN_DEPRECATED_OBJC_IMPLEMENTATIONS = YES;
				CLANG_WARN_DIRECT_OBJC_ISA_USAGE = YES_ERROR;
				CLANG_WARN_DOCUMENTATION_COMMENTS = YES;
				CLANG_WARN_EMPTY_BODY = YES;
				CLANG_WARN_ENUM_CONVERSION = YES;
				CLANG_WARN_INFINITE_RECURSION = YES;
				CLANG_WARN_INT_CONVERSION = YES;
				CLANG_WARN_NON_LITERAL_NULL_CONVERSION = YES;
				CLANG_WARN_OBJC_IMPLICIT_RETAIN_SELF = YES;
				CLANG_WARN_OBJC_LITERAL_CONVERSION = YES;
				CLANG_WARN_OBJC_ROOT_CLASS = YES_ERROR;
				CLANG_WARN_QUOTED_INCLUDE_IN_FRAMEWORK_HEADER = YES;
				CLANG_WARN_RANGE_LOOP_ANALYSIS = YES;
				CLANG_WARN_STRICT_PROTOTYPES = YES;
				CLANG_WARN_SUSPICIOUS_MOVE = YES;
				CLANG_WARN_UNGUARDED_AVAILABILITY = YES_AGGRESSIVE;
				CLANG_WARN_UNREACHABLE_CODE = YES;
				CLANG_WARN__DUPLICATE_METHOD_MATCH = YES;
				COPY_PHASE_STRIP = NO;
				DEBUG_INFORMATION_FORMAT = dwarf;
				ENABLE_STRICT_OBJC_MSGSEND = YES;
				ENABLE_TESTABILITY = YES;
				GCC_C_LANGUAGE_STANDARD = gnu11;
				GCC_DYNAMIC_NO_PIC = NO;
				GCC_NO_COMMON_BLOCKS = YES;
				GCC_OPTIMIZATION_LEVEL = 0;
				GCC_PREPROCESSOR_DEFINITIONS = (
					"DEBUG=1",
					"$(inherited)",
				);
				GCC_WARN_64_TO_32_BIT_CONVERSION = YES;
				GCC_WARN_ABOUT_RETURN_TYPE = YES_ERROR;
				GCC_WARN_UNDECLARED_SELECTOR = YES;
				GCC_WARN_UNINITIALIZED_AUTOS = YES_AGGRESSIVE;
				GCC_WARN_UNUSED_FUNCTION = YES;
				GCC_WARN_UNUSED_VARIABLE = YES;
				IPHONEOS_DEPLOYMENT_TARGET = 15.2;
				MTL_ENABLE_DEBUG_INFO = INCLUDE_SOURCE;
				MTL_FAST_MATH = YES;
				ONLY_ACTIVE_ARCH = YES;
				SDKROOT = iphoneos;
				SWIFT_ACTIVE_COMPILATION_CONDITIONS = DEBUG;
				SWIFT_OPTIMIZATION_LEVEL = "-Onone";
			};
			name = Debug;
		};
		BBAE573F27B69CD40071BF62 /* Release */ = {
			isa = XCBuildConfiguration;
			buildSettings = {
				ALWAYS_SEARCH_USER_PATHS = NO;
				CLANG_ANALYZER_NONNULL = YES;
				CLANG_ANALYZER_NUMBER_OBJECT_CONVERSION = YES_AGGRESSIVE;
				CLANG_CXX_LANGUAGE_STANDARD = "gnu++17";
				CLANG_CXX_LIBRARY = "libc++";
				CLANG_ENABLE_MODULES = YES;
				CLANG_ENABLE_OBJC_ARC = YES;
				CLANG_ENABLE_OBJC_WEAK = YES;
				CLANG_WARN_BLOCK_CAPTURE_AUTORELEASING = YES;
				CLANG_WARN_BOOL_CONVERSION = YES;
				CLANG_WARN_COMMA = YES;
				CLANG_WARN_CONSTANT_CONVERSION = YES;
				CLANG_WARN_DEPRECATED_OBJC_IMPLEMENTATIONS = YES;
				CLANG_WARN_DIRECT_OBJC_ISA_USAGE = YES_ERROR;
				CLANG_WARN_DOCUMENTATION_COMMENTS = YES;
				CLANG_WARN_EMPTY_BODY = YES;
				CLANG_WARN_ENUM_CONVERSION = YES;
				CLANG_WARN_INFINITE_RECURSION = YES;
				CLANG_WARN_INT_CONVERSION = YES;
				CLANG_WARN_NON_LITERAL_NULL_CONVERSION = YES;
				CLANG_WARN_OBJC_IMPLICIT_RETAIN_SELF = YES;
				CLANG_WARN_OBJC_LITERAL_CONVERSION = YES;
				CLANG_WARN_OBJC_ROOT_CLASS = YES_ERROR;
				CLANG_WARN_QUOTED_INCLUDE_IN_FRAMEWORK_HEADER = YES;
				CLANG_WARN_RANGE_LOOP_ANALYSIS = YES;
				CLANG_WARN_STRICT_PROTOTYPES = YES;
				CLANG_WARN_SUSPICIOUS_MOVE = YES;
				CLANG_WARN_UNGUARDED_AVAILABILITY = YES_AGGRESSIVE;
				CLANG_WARN_UNREACHABLE_CODE = YES;
				CLANG_WARN__DUPLICATE_METHOD_MATCH = YES;
				COPY_PHASE_STRIP = NO;
				DEBUG_INFORMATION_FORMAT = "dwarf-with-dsym";
				ENABLE_NS_ASSERTIONS = NO;
				ENABLE_STRICT_OBJC_MSGSEND = YES;
				GCC_C_LANGUAGE_STANDARD = gnu11;
				GCC_NO_COMMON_BLOCKS = YES;
				GCC_WARN_64_TO_32_BIT_CONVERSION = YES;
				GCC_WARN_ABOUT_RETURN_TYPE = YES_ERROR;
				GCC_WARN_UNDECLARED_SELECTOR = YES;
				GCC_WARN_UNINITIALIZED_AUTOS = YES_AGGRESSIVE;
				GCC_WARN_UNUSED_FUNCTION = YES;
				GCC_WARN_UNUSED_VARIABLE = YES;
				IPHONEOS_DEPLOYMENT_TARGET = 15.2;
				MTL_ENABLE_DEBUG_INFO = NO;
				MTL_FAST_MATH = YES;
				SDKROOT = iphoneos;
				SWIFT_COMPILATION_MODE = wholemodule;
				SWIFT_OPTIMIZATION_LEVEL = "-O";
				VALIDATE_PRODUCT = YES;
			};
			name = Release;
		};
		BBAE574127B69CD40071BF62 /* Debug */ = {
			isa = XCBuildConfiguration;
			buildSettings = {
				ASSETCATALOG_COMPILER_APPICON_NAME = AppIcon;
				ASSETCATALOG_COMPILER_GLOBAL_ACCENT_COLOR_NAME = AccentColor;
				CODE_SIGN_STYLE = Automatic;
				CURRENT_PROJECT_VERSION = 1;
				DEVELOPMENT_TEAM = 4G4D5WHAZT;
				GENERATE_INFOPLIST_FILE = YES;
				INFOPLIST_FILE = 2048/Info.plist;
				INFOPLIST_KEY_UIApplicationSupportsIndirectInputEvents = YES;
				INFOPLIST_KEY_UILaunchStoryboardName = LaunchScreen;
				INFOPLIST_KEY_UIMainStoryboardFile = Main;
				INFOPLIST_KEY_UISupportedInterfaceOrientations = UIInterfaceOrientationPortrait;
				INFOPLIST_KEY_UISupportedInterfaceOrientations_iPad = "UIInterfaceOrientationPortrait UIInterfaceOrientationPortraitUpsideDown";
				INFOPLIST_KEY_UISupportedInterfaceOrientations_iPhone = UIInterfaceOrientationPortrait;
				LD_RUNPATH_SEARCH_PATHS = (
					"$(inherited)",
					"@executable_path/Frameworks",
				);
				MARKETING_VERSION = 1.0;
				PRODUCT_BUNDLE_IDENTIFIER = "local.-048";
				PRODUCT_NAME = "$(TARGET_NAME)";
				SWIFT_EMIT_LOC_STRINGS = YES;
				SWIFT_VERSION = 5.0;
				TARGETED_DEVICE_FAMILY = "1,2";
			};
			name = Debug;
		};
		BBAE574227B69CD40071BF62 /* Release */ = {
			isa = XCBuildConfiguration;
			buildSettings = {
				ASSETCATALOG_COMPILER_APPICON_NAME = AppIcon;
				ASSETCATALOG_COMPILER_GLOBAL_ACCENT_COLOR_NAME = AccentColor;
				CODE_SIGN_STYLE = Automatic;
				CURRENT_PROJECT_VERSION = 1;
				DEVELOPMENT_TEAM = 4G4D5WHAZT;
				GENERATE_INFOPLIST_FILE = YES;
				INFOPLIST_FILE = 2048/Info.plist;
				INFOPLIST_KEY_UIApplicationSupportsIndirectInputEvents = YES;
				INFOPLIST_KEY_UILaunchStoryboardName = LaunchScreen;
				INFOPLIST_KEY_UIMainStoryboardFile = Main;
				INFOPLIST_KEY_UISupportedInterfaceOrientations = UIInterfaceOrientationPortrait;
				INFOPLIST_KEY_UISupportedInterfaceOrientations_iPad = "UIInterfaceOrientationPortrait UIInterfaceOrientationPortraitUpsideDown";
				INFOPLIST_KEY_UISupportedInterfaceOrientations_iPhone = UIInterfaceOrientationPortrait;
				LD_RUNPATH_SEARCH_PATHS = (
					"$(inherited)",
					"@executable_path/Frameworks",
				);
				MARKETING_VERSION = 1.0;
				PRODUCT_BUNDLE_IDENTIFIER = "local.-048";
				PRODUCT_NAME = "$(TARGET_NAME)";
				SWIFT_EMIT_LOC_STRINGS = YES;
				SWIFT_VERSION = 5.0;
				TARGETED_DEVICE_FAMILY = "1,2";
			};
			name = Release;
		};
		BBAE574427B69CD40071BF62 /* Debug */ = {
			isa = XCBuildConfiguration;
			buildSettings = {
				ALWAYS_EMBED_SWIFT_STANDARD_LIBRARIES = YES;
				BUNDLE_LOADER = "$(TEST_HOST)";
				CODE_SIGN_STYLE = Automatic;
				CURRENT_PROJECT_VERSION = 1;
				DEVELOPMENT_TEAM = 4G4D5WHAZT;
				GENERATE_INFOPLIST_FILE = YES;
				IPHONEOS_DEPLOYMENT_TARGET = 15.2;
				MARKETING_VERSION = 1.0;
				PRODUCT_BUNDLE_IDENTIFIER = "local.-048Tests";
				PRODUCT_NAME = "$(TARGET_NAME)";
				SWIFT_EMIT_LOC_STRINGS = NO;
				SWIFT_VERSION = 5.0;
				TARGETED_DEVICE_FAMILY = "1,2";
				TEST_HOST = "$(BUILT_PRODUCTS_DIR)/2048.app/2048";
			};
			name = Debug;
		};
		BBAE574527B69CD40071BF62 /* Release */ = {
			isa = XCBuildConfiguration;
			buildSettings = {
				ALWAYS_EMBED_SWIFT_STANDARD_LIBRARIES = YES;
				BUNDLE_LOADER = "$(TEST_HOST)";
				CODE_SIGN_STYLE = Automatic;
				CURRENT_PROJECT_VERSION = 1;
				DEVELOPMENT_TEAM = 4G4D5WHAZT;
				GENERATE_INFOPLIST_FILE = YES;
				IPHONEOS_DEPLOYMENT_TARGET = 15.2;
				MARKETING_VERSION = 1.0;
				PRODUCT_BUNDLE_IDENTIFIER = "local.-048Tests";
				PRODUCT_NAME = "$(TARGET_NAME)";
				SWIFT_EMIT_LOC_STRINGS = NO;
				SWIFT_VERSION = 5.0;
				TARGETED_DEVICE_FAMILY = "1,2";
				TEST_HOST = "$(BUILT_PRODUCTS_DIR)/2048.app/2048";
			};
			name = Release;
		};
		BBAE574727B69CD40071BF62 /* Debug */ = {
			isa = XCBuildConfiguration;
			buildSettings = {
				ALWAYS_EMBED_SWIFT_STANDARD_LIBRARIES = YES;
				CODE_SIGN_STYLE = Automatic;
				CURRENT_PROJECT_VERSION = 1;
				DEVELOPMENT_TEAM = 4G4D5WHAZT;
				GENERATE_INFOPLIST_FILE = YES;
				MARKETING_VERSION = 1.0;
				PRODUCT_BUNDLE_IDENTIFIER = "local.-048UITests";
				PRODUCT_NAME = "$(TARGET_NAME)";
				SWIFT_EMIT_LOC_STRINGS = NO;
				SWIFT_VERSION = 5.0;
				TARGETED_DEVICE_FAMILY = "1,2";
				TEST_TARGET_NAME = 2048;
			};
			name = Debug;
		};
		BBAE574827B69CD40071BF62 /* Release */ = {
			isa = XCBuildConfiguration;
			buildSettings = {
				ALWAYS_EMBED_SWIFT_STANDARD_LIBRARIES = YES;
				CODE_SIGN_STYLE = Automatic;
				CURRENT_PROJECT_VERSION = 1;
				DEVELOPMENT_TEAM = 4G4D5WHAZT;
				GENERATE_INFOPLIST_FILE = YES;
				MARKETING_VERSION = 1.0;
				PRODUCT_BUNDLE_IDENTIFIER = "local.-048UITests";
				PRODUCT_NAME = "$(TARGET_NAME)";
				SWIFT_EMIT_LOC_STRINGS = NO;
				SWIFT_VERSION = 5.0;
				TARGETED_DEVICE_FAMILY = "1,2";
				TEST_TARGET_NAME = 2048;
			};
			name = Release;
		};
/* End XCBuildConfiguration section */

/* Begin XCConfigurationList section */
		BBAE570E27B69CCF0071BF62 /* Build configuration list for PBXProject "2048" */ = {
			isa = XCConfigurationList;
			buildConfigurations = (
				BBAE573E27B69CD40071BF62 /* Debug */,
				BBAE573F27B69CD40071BF62 /* Release */,
			);
			defaultConfigurationIsVisible = 0;
			defaultConfigurationName = Release;
		};
		BBAE574027B69CD40071BF62 /* Build configuration list for PBXNativeTarget "2048" */ = {
			isa = XCConfigurationList;
			buildConfigurations = (
				BBAE574127B69CD40071BF62 /* Debug */,
				BBAE574227B69CD40071BF62 /* Release */,
			);
			defaultConfigurationIsVisible = 0;
			defaultConfigurationName = Release;
		};
		BBAE574327B69CD40071BF62 /* Build configuration list for PBXNativeTarget "2048Tests" */ = {
			isa = XCConfigurationList;
			buildConfigurations = (
				BBAE574427B69CD40071BF62 /* Debug */,
				BBAE574527B69CD40071BF62 /* Release */,
			);
			defaultConfigurationIsVisible = 0;
			defaultConfigurationName = Release;
		};
		BBAE574627B69CD40071BF62 /* Build configuration list for PBXNativeTarget "2048UITests" */ = {
			isa = XCConfigurationList;
			buildConfigurations = (
				BBAE574727B69CD40071BF62 /* Debug */,
				BBAE574827B69CD40071BF62 /* Release */,
			);
			defaultConfigurationIsVisible = 0;
			defaultConfigurationName = Release;
		};
/* End XCConfigurationList section */

/* Begin XCVersionGroup section */
		BB58717927BF9C97007B57D9 /* Model.xcdatamodeld */ = {
			isa = XCVersionGroup;
			children = (
				BB58717A27BF9C97007B57D9 /* Model.xcdatamodel */,
			);
			currentVersion = BB58717A27BF9C97007B57D9 /* Model.xcdatamodel */;
			path = Model.xcdatamodeld;
			sourceTree = "<group>";
			versionGroupType = wrapper.xcdatamodel;
		};
/* End XCVersionGroup section */
	};
	rootObject = BBAE570B27B69CCF0071BF62 /* Project object */;
}
